{
    "requires": true,
    "lockfileVersion": 1,
    "dependencies": {
        "sweetalert2": {
            "version": "9.4.0",
            "resolved": "https://registry.npmjs.org/sweetalert2/-/sweetalert2-9.4.0.tgz",
            "integrity": "sha512-c9Azg2eVXIgaYV9Su2tRbRip7YD3baGwl9S7yKVdELu9E7rEcER+WBeJenVjR6kRGC426ggMFUgLTf0l/LUb1Q=="
        }
    }
}
